Microsoft Visual Studio Solution File, Format Version 12.00
# Visual Studio Version 17
VisualStudioVersion = 17.5.2.0
MinimumVisualStudioVersion = 10.0.40219.1
Project("{FAE04EC0-301F-11D3-BF4B-00C04F79EFBC}") = "NumericType", "NumericType.csproj", "{B75D56D1-A710-579F-9412-B95D53900630}"
EndProject
Global
	GlobalSection(SolutionConfigurationPlatforms) = preSolution
		Debug|Any CPU = Debug|Any CPU
		Release|Any CPU = Release|Any CPU
	EndGlobalSection
	GlobalSection(ProjectConfigurationPlatforms) = postSolution
		{B75D56D1-A710-579F-9412-B95D53900630}.Debug|Any CPU.ActiveCfg = Debug|Any CPU
		{B75D56D1-A710-579F-9412-B95D53900630}.Debug|Any CPU.Build.0 = Debug|Any CPU
		{B75D56D1-A710-579F-9412-B95D53900630}.Release|Any CPU.ActiveCfg = Release|Any CPU
		{B75D56D1-A710-579F-9412-B95D53900630}.Release|Any CPU.Build.0 = Release|Any CPU
	EndGlobalSection
	GlobalSection(SolutionProperties) = preSolution
		HideSolutionNode = FALSE
	EndGlobalSection
	GlobalSection(ExtensibilityGlobals) = postSolution
		SolutionGuid = {BD8D40C5-A60D-4CE2-8DF3-897B248A8194}
	EndGlobalSection
EndGlobal
