Microsoft Visual Studio Solution File, Format Version 12.00
# Visual Studio Version 17
VisualStudioVersion = 17.5.2.0
MinimumVisualStudioVersion = 10.0.40219.1
Project("{FAE04EC0-301F-11D3-BF4B-00C04F79EFBC}") = "JudgePrime", "JudgePrime.csproj", "{58748046-CA20-AA74-127C-AF2E449877D6}"
EndProject
Global
	GlobalSection(SolutionConfigurationPlatforms) = preSolution
		Debug|Any CPU = Debug|Any CPU
		Release|Any CPU = Release|Any CPU
	EndGlobalSection
	GlobalSection(ProjectConfigurationPlatforms) = postSolution
		{58748046-CA20-AA74-127C-AF2E449877D6}.Debug|Any CPU.ActiveCfg = Debug|Any CPU
		{58748046-CA20-AA74-127C-AF2E449877D6}.Debug|Any CPU.Build.0 = Debug|Any CPU
		{58748046-CA20-AA74-127C-AF2E449877D6}.Release|Any CPU.ActiveCfg = Release|Any CPU
		{58748046-CA20-AA74-127C-AF2E449877D6}.Release|Any CPU.Build.0 = Release|Any CPU
	EndGlobalSection
	GlobalSection(SolutionProperties) = preSolution
		HideSolutionNode = FALSE
	EndGlobalSection
	GlobalSection(ExtensibilityGlobals) = postSolution
		SolutionGuid = {23F26854-5748-4B6F-8387-FC3594B56EBC}
	EndGlobalSection
EndGlobal
